{
    "_readme": [
        "This file locks the dependencies of your project to a known state",
        "Read more about it at http://getcomposer.org/doc/01-basic-usage.md#composer-lock-the-lock-file"
    ],
    "hash": "7c1eb656e8d0b2dd54961f23f7d3ca49",
    "packages": [
        {
            "name": "didww/php-sdk",
            "version": "0.1.0",
            "source": {
                "type": "git",
                "url": "https://github.com/didww/php-sdk.git",
                "reference": "9bbd167f42b1dce488c16507314f37e4988b634d"
            },
            "dist": {
                "type": "zip",
                "url": "https://api.github.com/repos/didww/php-sdk/zipball/9bbd167f42b1dce488c16507314f37e4988b634d",
                "reference": "9bbd167f42b1dce488c16507314f37e4988b634d",
                "shasum": ""
            },
            "require": {
                "php": ">=5.3"
            },
            "type": "library",
            "autoload": {
                "psr-0": {
                    "Didww": "src/"
                }
            },
            "notification-url": "https://packagist.org/downloads/",
            "authors": [
                {
                    "name": "Igor Gonchar",
                    "email": "igor.g@didww.com",
                    "homepage": "https://www.didww.com/"
                },
                {
                    "name": "Igor Fedoronchuk",
                    "email": "igor.f@didww.com"
                }
            ],
            "description": "DIDWW API 2 PHP SDK",
            "time": "2014-02-17 12:05:45"
        },
        {
            "name": "gigorok/yoda",
            "version": "0.1.4",
            "source": {
                "type": "git",
                "url": "https://github.com/gigorok/yoda.git",
                "reference": "18af79870359c826566fb5843c5a33867b54bd3e"
            },
            "dist": {
                "type": "zip",
                "url": "https://api.github.com/repos/gigorok/yoda/zipball/18af79870359c826566fb5843c5a33867b54bd3e",
                "reference": "18af79870359c826566fb5843c5a33867b54bd3e",
                "shasum": ""
            },
            "require": {
                "php": ">=5.4",
                "symfony/yaml": "2.3.7"
            },
            "require-dev": {
                "phpunit/phpunit": "3.7.*"
            },
            "type": "library",
            "autoload": {
                "psr-4": {
                    "Yoda\\": "src/"
                },
                "files": [
                    "src/error_handler.php"
                ]
            },
            "notification-url": "https://packagist.org/downloads/",
            "license": [
                "MIT"
            ],
            "authors": [
                {
                    "name": "Igor Gonchar",
                    "email": "gigorok@gmail.com",
                    "homepage": "http://gigorok.name"
                }
            ],
            "description": "PHP-framework for development Web-Applications",
            "homepage": "http://github.com/gigorok/Yoda",
            "time": "2014-01-10 15:49:05"
        },
        {
            "name": "gigorok/yoda-pagination",
            "version": "0.1.0",
            "source": {
                "type": "git",
                "url": "https://github.com/gigorok/yoda-pagination.git",
                "reference": "f5c89c8b29c6d477348f3d2bcaa1a0695eccea7c"
            },
            "dist": {
                "type": "zip",
                "url": "https://api.github.com/repos/gigorok/yoda-pagination/zipball/f5c89c8b29c6d477348f3d2bcaa1a0695eccea7c",
                "reference": "f5c89c8b29c6d477348f3d2bcaa1a0695eccea7c",
                "shasum": ""
            },
            "require-dev": {
                "gigorok/yoda": "0.1.2"
            },
            "type": "library",
            "autoload": {
                "psr-0": {
                    "Yoda": "src/"
                }
            },
            "notification-url": "https://packagist.org/downloads/",
            "authors": [
                {
                    "name": "Igor Gonchar",
                    "email": "gigorok@gmail.com",
                    "homepage": "http://gigorok.name"
                }
            ],
            "description": "Pagination component for Yoda Framework",
            "time": "2014-01-10 14:33:05"
        },
        {
            "name": "symfony/yaml",
            "version": "v2.3.7",
            "target-dir": "Symfony/Component/Yaml",
            "source": {
                "type": "git",
                "url": "https://github.com/symfony/Yaml.git",
                "reference": "c1bda5b459d792cb253de12c65beba3040163b2b"
            },
            "dist": {
                "type": "zip",
                "url": "https://api.github.com/repos/symfony/Yaml/zipball/c1bda5b459d792cb253de12c65beba3040163b2b",
                "reference": "c1bda5b459d792cb253de12c65beba3040163b2b",
                "shasum": ""
            },
            "require": {
                "php": ">=5.3.3"
            },
            "type": "library",
            "extra": {
                "branch-alias": {
                    "dev-master": "2.3-dev"
                }
            },
            "autoload": {
                "psr-0": {
                    "Symfony\\Component\\Yaml\\": ""
                }
            },
            "notification-url": "https://packagist.org/downloads/",
            "license": [
                "MIT"
            ],
            "authors": [
                {
                    "name": "Fabien Potencier",
                    "email": "fabien@symfony.com",
                    "homepage": "http://fabien.potencier.org",
                    "role": "Lead Developer"
                },
                {
                    "name": "Symfony Community",
                    "homepage": "http://symfony.com/contributors"
                }
            ],
            "description": "Symfony Yaml Component",
            "homepage": "http://symfony.com",
            "time": "2013-10-17 11:48:01"
        }
    ],
    "packages-dev": [

    ],
    "aliases": [

    ],
    "minimum-stability": "dev",
    "stability-flags": [

    ],
    "platform": {
        "php": ">=5.4.0",
        "ext-soap": "*"
    },
    "platform-dev": [

    ]
}
